
Microsoft Visual Studio Solution File, Format Version 12.00
# Visual Studio 2012
Project("{FAE04EC0-301F-11D3-BF4B-00C04F79EFBC}") = "LittleUmph-Net45 Metro", "LittleUmph\LittleUmph-Net45 Metro.csproj", "{A7212359-F08E-4261-BBA3-F0C039745BE2}"
EndProject
Global
	GlobalSection(TeamFoundationVersionControl) = preSolution
		SccNumberOfProjects = 1
		SccEnterpriseProvider = {4CA58AB2-18FA-4F8D-95D4-32DDF27D184C}
		SccTeamFoundationServer = https://tfs.codeplex.com/tfs/tfs16
		SccProjectUniqueName0 = LittleUmph\\LittleUmph-Net45\u0020Metro.csproj
		SccProjectName0 = LittleUmph
		SccAuxPath0 = https://tfs.codeplex.com/tfs/tfs16
		SccLocalPath0 = LittleUmph
		SccProvider0 = {4CA58AB2-18FA-4F8D-95D4-32DDF27D184C}
	EndGlobalSection
	GlobalSection(SolutionConfigurationPlatforms) = preSolution
		Debug|Any CPU = Debug|Any CPU
		Release|Any CPU = Release|Any CPU
	EndGlobalSection
	GlobalSection(ProjectConfigurationPlatforms) = postSolution
		{A7212359-F08E-4261-BBA3-F0C039745BE2}.Debug|Any CPU.ActiveCfg = Debug|Any CPU
		{A7212359-F08E-4261-BBA3-F0C039745BE2}.Debug|Any CPU.Build.0 = Debug|Any CPU
		{A7212359-F08E-4261-BBA3-F0C039745BE2}.Release|Any CPU.ActiveCfg = Release|Any CPU
		{A7212359-F08E-4261-BBA3-F0C039745BE2}.Release|Any CPU.Build.0 = Release|Any CPU
	EndGlobalSection
	GlobalSection(SolutionProperties) = preSolution
		HideSolutionNode = FALSE
	EndGlobalSection
EndGlobal
