
Microsoft Visual Studio Solution File, Format Version 12.00
# Visual Studio 2013
VisualStudioVersion = 12.0.21005.1
MinimumVisualStudioVersion = 10.0.40219.1
Project("{FAE04EC0-301F-11D3-BF4B-00C04F79EFBC}") = "LittleUmph-Net20", "LittleUmph\LittleUmph-Net20.csproj", "{A7212359-F08E-4261-BBA3-F0C039745BE2}"
EndProject
Project("{2150E333-8FDC-42A3-9474-1A3956D46DE8}") = ".nuget", ".nuget", "{57F8C02B-7E74-4DCF-8AB9-C49A389C70F8}"
	ProjectSection(SolutionItems) = preProject
		.nuget\packages.config = .nuget\packages.config
	EndProjectSection
EndProject
Global
	GlobalSection(SolutionConfigurationPlatforms) = preSolution
		Debug|Any CPU = Debug|Any CPU
		Release|Any CPU = Release|Any CPU
	EndGlobalSection
	GlobalSection(ProjectConfigurationPlatforms) = postSolution
		{A7212359-F08E-4261-BBA3-F0C039745BE2}.Debug|Any CPU.ActiveCfg = Debug|Any CPU
		{A7212359-F08E-4261-BBA3-F0C039745BE2}.Debug|Any CPU.Build.0 = Debug|Any CPU
		{A7212359-F08E-4261-BBA3-F0C039745BE2}.Release|Any CPU.ActiveCfg = Release|Any CPU
		{A7212359-F08E-4261-BBA3-F0C039745BE2}.Release|Any CPU.Build.0 = Release|Any CPU
	EndGlobalSection
	GlobalSection(SolutionProperties) = preSolution
		HideSolutionNode = FALSE
	EndGlobalSection
EndGlobal
